
Microsoft Visual Studio Solution File, Format Version 12.00
# Visual Studio Version 17
VisualStudioVersion = 17.11.35201.85
MinimumVisualStudioVersion = 10.0.40219.1
Project("{9A19103F-16F7-4668-BE54-9A1E7A4F7556}") = "Lab_01_1", "Lab_01_1\Lab_01_1.csproj", "{C8E9E2F4-083C-4D57-90FD-A045D5A01044}"
EndProject
Project("{9A19103F-16F7-4668-BE54-9A1E7A4F7556}") = "Lab_01_2", "Lab_01_2\Lab_01_2.csproj", "{DC029782-AD39-4E41-BED7-1A076B269E27}"
EndProject
Project("{9A19103F-16F7-4668-BE54-9A1E7A4F7556}") = "Lab_02", "Lab_02\Lab_02.csproj", "{B6A58DF2-F9A1-495C-931F-ECE01D0F50F9}"
EndProject
Project("{9A19103F-16F7-4668-BE54-9A1E7A4F7556}") = "Lab_03", "Lab_03\Lab_03.csproj", "{6D4AC18B-7ED4-4855-AB93-5E976E90F61E}"
EndProject
Project("{9A19103F-16F7-4668-BE54-9A1E7A4F7556}") = "Lab_04", "Lab_04\Lab_04.csproj", "{BC31C8A3-FD80-45ED-A11D-47FD84FDDF3D}"
EndProject
Project("{9A19103F-16F7-4668-BE54-9A1E7A4F7556}") = "Lab_05", "Lab_05\Lab_05.csproj", "{479312AC-99D9-4A20-9006-3AB81C1A6B83}"
EndProject
Project("{9A19103F-16F7-4668-BE54-9A1E7A4F7556}") = "Lab_06", "Lab_06\Lab_06.csproj", "{2C64447F-2C10-4FA2-9E36-955BD33C6C67}"
EndProject
Project("{9A19103F-16F7-4668-BE54-9A1E7A4F7556}") = "Lab_07", "Lab_07\Lab_07.csproj", "{2AB71A49-2BB8-4B39-A349-631F0D502567}"
EndProject
Project("{9A19103F-16F7-4668-BE54-9A1E7A4F7556}") = "Lab_08", "Lab_08\Lab_08.csproj", "{A98B64B9-16C0-4A0F-99F7-4FA00EB4D182}"
EndProject
Project("{9A19103F-16F7-4668-BE54-9A1E7A4F7556}") = "Lab_09", "Lab_09\Lab_09.csproj", "{1C78A1AD-B241-43C2-9CE4-68BC2DD1DF49}"
EndProject
Project("{9A19103F-16F7-4668-BE54-9A1E7A4F7556}") = "Lab_10", "Lab_10\Lab_10.csproj", "{6084815C-F824-4E57-887D-4B3E95ADB721}"
EndProject
Project("{9A19103F-16F7-4668-BE54-9A1E7A4F7556}") = "Lab_12", "Lab_12\Lab_12.csproj", "{27D72682-CA62-4BE9-B9F3-03EA34874C9B}"
EndProject
Project("{9A19103F-16F7-4668-BE54-9A1E7A4F7556}") = "Lab_11", "Lab_11\Lab_11.csproj", "{19E93536-83BA-4423-B041-9D1CE46C1A68}"
EndProject
Project("{9A19103F-16F7-4668-BE54-9A1E7A4F7556}") = "Lab_13", "Lab_13\Lab_13.csproj", "{713898FD-E474-4421-B638-0016ADACE3CA}"
EndProject
Global
	GlobalSection(SolutionConfigurationPlatforms) = preSolution
		Debug|Any CPU = Debug|Any CPU
		Release|Any CPU = Release|Any CPU
	EndGlobalSection
	GlobalSection(ProjectConfigurationPlatforms) = postSolution
		{C8E9E2F4-083C-4D57-90FD-A045D5A01044}.Debug|Any CPU.ActiveCfg = Debug|Any CPU
		{C8E9E2F4-083C-4D57-90FD-A045D5A01044}.Debug|Any CPU.Build.0 = Debug|Any CPU
		{C8E9E2F4-083C-4D57-90FD-A045D5A01044}.Release|Any CPU.ActiveCfg = Release|Any CPU
		{C8E9E2F4-083C-4D57-90FD-A045D5A01044}.Release|Any CPU.Build.0 = Release|Any CPU
		{DC029782-AD39-4E41-BED7-1A076B269E27}.Debug|Any CPU.ActiveCfg = Debug|Any CPU
		{DC029782-AD39-4E41-BED7-1A076B269E27}.Debug|Any CPU.Build.0 = Debug|Any CPU
		{DC029782-AD39-4E41-BED7-1A076B269E27}.Release|Any CPU.ActiveCfg = Release|Any CPU
		{DC029782-AD39-4E41-BED7-1A076B269E27}.Release|Any CPU.Build.0 = Release|Any CPU
		{B6A58DF2-F9A1-495C-931F-ECE01D0F50F9}.Debug|Any CPU.ActiveCfg = Debug|Any CPU
		{B6A58DF2-F9A1-495C-931F-ECE01D0F50F9}.Debug|Any CPU.Build.0 = Debug|Any CPU
		{B6A58DF2-F9A1-495C-931F-ECE01D0F50F9}.Release|Any CPU.ActiveCfg = Release|Any CPU
		{B6A58DF2-F9A1-495C-931F-ECE01D0F50F9}.Release|Any CPU.Build.0 = Release|Any CPU
		{6D4AC18B-7ED4-4855-AB93-5E976E90F61E}.Debug|Any CPU.ActiveCfg = Debug|Any CPU
		{6D4AC18B-7ED4-4855-AB93-5E976E90F61E}.Debug|Any CPU.Build.0 = Debug|Any CPU
		{6D4AC18B-7ED4-4855-AB93-5E976E90F61E}.Release|Any CPU.ActiveCfg = Release|Any CPU
		{6D4AC18B-7ED4-4855-AB93-5E976E90F61E}.Release|Any CPU.Build.0 = Release|Any CPU
		{BC31C8A3-FD80-45ED-A11D-47FD84FDDF3D}.Debug|Any CPU.ActiveCfg = Debug|Any CPU
		{BC31C8A3-FD80-45ED-A11D-47FD84FDDF3D}.Debug|Any CPU.Build.0 = Debug|Any CPU
		{BC31C8A3-FD80-45ED-A11D-47FD84FDDF3D}.Release|Any CPU.ActiveCfg = Release|Any CPU
		{BC31C8A3-FD80-45ED-A11D-47FD84FDDF3D}.Release|Any CPU.Build.0 = Release|Any CPU
		{479312AC-99D9-4A20-9006-3AB81C1A6B83}.Debug|Any CPU.ActiveCfg = Debug|Any CPU
		{479312AC-99D9-4A20-9006-3AB81C1A6B83}.Debug|Any CPU.Build.0 = Debug|Any CPU
		{479312AC-99D9-4A20-9006-3AB81C1A6B83}.Release|Any CPU.ActiveCfg = Release|Any CPU
		{479312AC-99D9-4A20-9006-3AB81C1A6B83}.Release|Any CPU.Build.0 = Release|Any CPU
		{2C64447F-2C10-4FA2-9E36-955BD33C6C67}.Debug|Any CPU.ActiveCfg = Debug|Any CPU
		{2C64447F-2C10-4FA2-9E36-955BD33C6C67}.Debug|Any CPU.Build.0 = Debug|Any CPU
		{2C64447F-2C10-4FA2-9E36-955BD33C6C67}.Release|Any CPU.ActiveCfg = Release|Any CPU
		{2C64447F-2C10-4FA2-9E36-955BD33C6C67}.Release|Any CPU.Build.0 = Release|Any CPU
		{2AB71A49-2BB8-4B39-A349-631F0D502567}.Debug|Any CPU.ActiveCfg = Debug|Any CPU
		{2AB71A49-2BB8-4B39-A349-631F0D502567}.Debug|Any CPU.Build.0 = Debug|Any CPU
		{2AB71A49-2BB8-4B39-A349-631F0D502567}.Release|Any CPU.ActiveCfg = Release|Any CPU
		{2AB71A49-2BB8-4B39-A349-631F0D502567}.Release|Any CPU.Build.0 = Release|Any CPU
		{A98B64B9-16C0-4A0F-99F7-4FA00EB4D182}.Debug|Any CPU.ActiveCfg = Debug|Any CPU
		{A98B64B9-16C0-4A0F-99F7-4FA00EB4D182}.Debug|Any CPU.Build.0 = Debug|Any CPU
		{A98B64B9-16C0-4A0F-99F7-4FA00EB4D182}.Release|Any CPU.ActiveCfg = Release|Any CPU
		{A98B64B9-16C0-4A0F-99F7-4FA00EB4D182}.Release|Any CPU.Build.0 = Release|Any CPU
		{1C78A1AD-B241-43C2-9CE4-68BC2DD1DF49}.Debug|Any CPU.ActiveCfg = Debug|Any CPU
		{1C78A1AD-B241-43C2-9CE4-68BC2DD1DF49}.Debug|Any CPU.Build.0 = Debug|Any CPU
		{1C78A1AD-B241-43C2-9CE4-68BC2DD1DF49}.Release|Any CPU.ActiveCfg = Release|Any CPU
		{1C78A1AD-B241-43C2-9CE4-68BC2DD1DF49}.Release|Any CPU.Build.0 = Release|Any CPU
		{6084815C-F824-4E57-887D-4B3E95ADB721}.Debug|Any CPU.ActiveCfg = Debug|Any CPU
		{6084815C-F824-4E57-887D-4B3E95ADB721}.Debug|Any CPU.Build.0 = Debug|Any CPU
		{6084815C-F824-4E57-887D-4B3E95ADB721}.Release|Any CPU.ActiveCfg = Release|Any CPU
		{6084815C-F824-4E57-887D-4B3E95ADB721}.Release|Any CPU.Build.0 = Release|Any CPU
		{27D72682-CA62-4BE9-B9F3-03EA34874C9B}.Debug|Any CPU.ActiveCfg = Debug|Any CPU
		{27D72682-CA62-4BE9-B9F3-03EA34874C9B}.Debug|Any CPU.Build.0 = Debug|Any CPU
		{27D72682-CA62-4BE9-B9F3-03EA34874C9B}.Release|Any CPU.ActiveCfg = Release|Any CPU
		{27D72682-CA62-4BE9-B9F3-03EA34874C9B}.Release|Any CPU.Build.0 = Release|Any CPU
		{19E93536-83BA-4423-B041-9D1CE46C1A68}.Debug|Any CPU.ActiveCfg = Debug|Any CPU
		{19E93536-83BA-4423-B041-9D1CE46C1A68}.Debug|Any CPU.Build.0 = Debug|Any CPU
		{19E93536-83BA-4423-B041-9D1CE46C1A68}.Release|Any CPU.ActiveCfg = Release|Any CPU
		{19E93536-83BA-4423-B041-9D1CE46C1A68}.Release|Any CPU.Build.0 = Release|Any CPU
		{713898FD-E474-4421-B638-0016ADACE3CA}.Debug|Any CPU.ActiveCfg = Debug|Any CPU
		{713898FD-E474-4421-B638-0016ADACE3CA}.Debug|Any CPU.Build.0 = Debug|Any CPU
		{713898FD-E474-4421-B638-0016ADACE3CA}.Release|Any CPU.ActiveCfg = Release|Any CPU
		{713898FD-E474-4421-B638-0016ADACE3CA}.Release|Any CPU.Build.0 = Release|Any CPU
	EndGlobalSection
	GlobalSection(SolutionProperties) = preSolution
		HideSolutionNode = FALSE
	EndGlobalSection
	GlobalSection(ExtensibilityGlobals) = postSolution
		SolutionGuid = {AAFC625A-C887-4CB8-8E0F-6C9969C24DD4}
	EndGlobalSection
EndGlobal
